
Microsoft Visual Studio Solution File, Format Version 12.00
# Visual Studio Version 16
VisualStudioVersion = 16.0.29920.165
MinimumVisualStudioVersion = 10.0.40219.1
Project("{FAE04EC0-301F-11D3-BF4B-00C04F79EFBC}") = "TestApplicationForDocker", "TestApplicationForDocker\TestApplicationForDocker.csproj", "{793C0980-3EB6-441F-9F2F-B9BC46080581}"
EndProject
Global
	GlobalSection(SolutionConfigurationPlatforms) = preSolution
		Debug|Any CPU = Debug|Any CPU
		Release|Any CPU = Release|Any CPU
	EndGlobalSection
	GlobalSection(ProjectConfigurationPlatforms) = postSolution
		{793C0980-3EB6-441F-9F2F-B9BC46080581}.Debug|Any CPU.ActiveCfg = Debug|Any CPU
		{793C0980-3EB6-441F-9F2F-B9BC46080581}.Debug|Any CPU.Build.0 = Debug|Any CPU
		{793C0980-3EB6-441F-9F2F-B9BC46080581}.Release|Any CPU.ActiveCfg = Release|Any CPU
		{793C0980-3EB6-441F-9F2F-B9BC46080581}.Release|Any CPU.Build.0 = Release|Any CPU
	EndGlobalSection
	GlobalSection(SolutionProperties) = preSolution
		HideSolutionNode = FALSE
	EndGlobalSection
	GlobalSection(ExtensibilityGlobals) = postSolution
		SolutionGuid = {C7454E68-ACBE-49CD-94FE-E759DEAE6251}
	EndGlobalSection
EndGlobal
